
Microsoft Visual Studio Solution File, Format Version 12.00
# Visual Studio 15
VisualStudioVersion = 15.0.28307.645
MinimumVisualStudioVersion = 10.0.40219.1
Project("{FAE04EC0-301F-11D3-BF4B-00C04F79EFBC}") = "Tarea3.Android", "Tarea3\Tarea3.Android\Tarea3.Android.csproj", "{F2F5BB98-F546-4076-B4E5-50D1D4077BBA}"
EndProject
Project("{FAE04EC0-301F-11D3-BF4B-00C04F79EFBC}") = "Tarea3.iOS", "Tarea3\Tarea3.iOS\Tarea3.iOS.csproj", "{B326EBD8-58C3-4DE3-81D1-1A69C0212C75}"
EndProject
Project("{FAE04EC0-301F-11D3-BF4B-00C04F79EFBC}") = "Tarea3", "Tarea3\Tarea3\Tarea3.csproj", "{39B8F742-32F0-4B30-A0B0-5F66B6BD5D00}"
EndProject
Global
	GlobalSection(SolutionConfigurationPlatforms) = preSolution
		Ad-Hoc|Any CPU = Ad-Hoc|Any CPU
		Ad-Hoc|iPhone = Ad-Hoc|iPhone
		Ad-Hoc|iPhoneSimulator = Ad-Hoc|iPhoneSimulator
		AppStore|Any CPU = AppStore|Any CPU
		AppStore|iPhone = AppStore|iPhone
		AppStore|iPhoneSimulator = AppStore|iPhoneSimulator
		Debug|Any CPU = Debug|Any CPU
		Debug|iPhone = Debug|iPhone
		Debug|iPhoneSimulator = Debug|iPhoneSimulator
		Release|Any CPU = Release|Any CPU
		Release|iPhone = Release|iPhone
		Release|iPhoneSimulator = Release|iPhoneSimulator
	EndGlobalSection
	GlobalSection(ProjectConfigurationPlatforms) = postSolution
		{F2F5BB98-F546-4076-B4E5-50D1D4077BBA}.Ad-Hoc|Any CPU.ActiveCfg = Release|Any CPU
		{F2F5BB98-F546-4076-B4E5-50D1D4077BBA}.Ad-Hoc|Any CPU.Build.0 = Release|Any CPU
		{F2F5BB98-F546-4076-B4E5-50D1D4077BBA}.Ad-Hoc|Any CPU.Deploy.0 = Release|Any CPU
		{F2F5BB98-F546-4076-B4E5-50D1D4077BBA}.Ad-Hoc|iPhone.ActiveCfg = Release|Any CPU
		{F2F5BB98-F546-4076-B4E5-50D1D4077BBA}.Ad-Hoc|iPhone.Build.0 = Release|Any CPU
		{F2F5BB98-F546-4076-B4E5-50D1D4077BBA}.Ad-Hoc|iPhone.Deploy.0 = Release|Any CPU
		{F2F5BB98-F546-4076-B4E5-50D1D4077BBA}.Ad-Hoc|iPhoneSimulator.ActiveCfg = Release|Any CPU
		{F2F5BB98-F546-4076-B4E5-50D1D4077BBA}.Ad-Hoc|iPhoneSimulator.Build.0 = Release|Any CPU
		{F2F5BB98-F546-4076-B4E5-50D1D4077BBA}.Ad-Hoc|iPhoneSimulator.Deploy.0 = Release|Any CPU
		{F2F5BB98-F546-4076-B4E5-50D1D4077BBA}.AppStore|Any CPU.ActiveCfg = Release|Any CPU
		{F2F5BB98-F546-4076-B4E5-50D1D4077BBA}.AppStore|Any CPU.Build.0 = Release|Any CPU
		{F2F5BB98-F546-4076-B4E5-50D1D4077BBA}.AppStore|Any CPU.Deploy.0 = Release|Any CPU
		{F2F5BB98-F546-4076-B4E5-50D1D4077BBA}.AppStore|iPhone.ActiveCfg = Release|Any CPU
		{F2F5BB98-F546-4076-B4E5-50D1D4077BBA}.AppStore|iPhone.Build.0 = Release|Any CPU
		{F2F5BB98-F546-4076-B4E5-50D1D4077BBA}.AppStore|iPhone.Deploy.0 = Release|Any CPU
		{F2F5BB98-F546-4076-B4E5-50D1D4077BBA}.AppStore|iPhoneSimulator.ActiveCfg = Release|Any CPU
		{F2F5BB98-F546-4076-B4E5-50D1D4077BBA}.AppStore|iPhoneSimulator.Build.0 = Release|Any CPU
		{F2F5BB98-F546-4076-B4E5-50D1D4077BBA}.AppStore|iPhoneSimulator.Deploy.0 = Release|Any CPU
		{F2F5BB98-F546-4076-B4E5-50D1D4077BBA}.Debug|Any CPU.ActiveCfg = Debug|Any CPU
		{F2F5BB98-F546-4076-B4E5-50D1D4077BBA}.Debug|Any CPU.Build.0 = Debug|Any CPU
		{F2F5BB98-F546-4076-B4E5-50D1D4077BBA}.Debug|Any CPU.Deploy.0 = Debug|Any CPU
		{F2F5BB98-F546-4076-B4E5-50D1D4077BBA}.Debug|iPhone.ActiveCfg = Debug|Any CPU
		{F2F5BB98-F546-4076-B4E5-50D1D4077BBA}.Debug|iPhone.Build.0 = Debug|Any CPU
		{F2F5BB98-F546-4076-B4E5-50D1D4077BBA}.Debug|iPhone.Deploy.0 = Debug|Any CPU
		{F2F5BB98-F546-4076-B4E5-50D1D4077BBA}.Debug|iPhoneSimulator.ActiveCfg = Debug|Any CPU
		{F2F5BB98-F546-4076-B4E5-50D1D4077BBA}.Debug|iPhoneSimulator.Build.0 = Debug|Any CPU
		{F2F5BB98-F546-4076-B4E5-50D1D4077BBA}.Debug|iPhoneSimulator.Deploy.0 = Debug|Any CPU
		{F2F5BB98-F546-4076-B4E5-50D1D4077BBA}.Release|Any CPU.ActiveCfg = Release|Any CPU
		{F2F5BB98-F546-4076-B4E5-50D1D4077BBA}.Release|Any CPU.Build.0 = Release|Any CPU
		{F2F5BB98-F546-4076-B4E5-50D1D4077BBA}.Release|Any CPU.Deploy.0 = Release|Any CPU
		{F2F5BB98-F546-4076-B4E5-50D1D4077BBA}.Release|iPhone.ActiveCfg = Release|Any CPU
		{F2F5BB98-F546-4076-B4E5-50D1D4077BBA}.Release|iPhone.Build.0 = Release|Any CPU
		{F2F5BB98-F546-4076-B4E5-50D1D4077BBA}.Release|iPhone.Deploy.0 = Release|Any CPU
		{F2F5BB98-F546-4076-B4E5-50D1D4077BBA}.Release|iPhoneSimulator.ActiveCfg = Release|Any CPU
		{F2F5BB98-F546-4076-B4E5-50D1D4077BBA}.Release|iPhoneSimulator.Build.0 = Release|Any CPU
		{F2F5BB98-F546-4076-B4E5-50D1D4077BBA}.Release|iPhoneSimulator.Deploy.0 = Release|Any CPU
		{B326EBD8-58C3-4DE3-81D1-1A69C0212C75}.Ad-Hoc|Any CPU.ActiveCfg = Ad-Hoc|iPhone
		{B326EBD8-58C3-4DE3-81D1-1A69C0212C75}.Ad-Hoc|Any CPU.Build.0 = Ad-Hoc|iPhone
		{B326EBD8-58C3-4DE3-81D1-1A69C0212C75}.Ad-Hoc|Any CPU.Deploy.0 = Ad-Hoc|iPhone
		{B326EBD8-58C3-4DE3-81D1-1A69C0212C75}.Ad-Hoc|iPhone.ActiveCfg = Ad-Hoc|iPhone
		{B326EBD8-58C3-4DE3-81D1-1A69C0212C75}.Ad-Hoc|iPhone.Build.0 = Ad-Hoc|iPhone
		{B326EBD8-58C3-4DE3-81D1-1A69C0212C75}.Ad-Hoc|iPhone.Deploy.0 = Ad-Hoc|iPhone
		{B326EBD8-58C3-4DE3-81D1-1A69C0212C75}.Ad-Hoc|iPhoneSimulator.ActiveCfg = Ad-Hoc|iPhoneSimulator
		{B326EBD8-58C3-4DE3-81D1-1A69C0212C75}.Ad-Hoc|iPhoneSimulator.Build.0 = Ad-Hoc|iPhoneSimulator
		{B326EBD8-58C3-4DE3-81D1-1A69C0212C75}.Ad-Hoc|iPhoneSimulator.Deploy.0 = Ad-Hoc|iPhoneSimulator
		{B326EBD8-58C3-4DE3-81D1-1A69C0212C75}.AppStore|Any CPU.ActiveCfg = AppStore|iPhone
		{B326EBD8-58C3-4DE3-81D1-1A69C0212C75}.AppStore|Any CPU.Build.0 = AppStore|iPhone
		{B326EBD8-58C3-4DE3-81D1-1A69C0212C75}.AppStore|Any CPU.Deploy.0 = AppStore|iPhone
		{B326EBD8-58C3-4DE3-81D1-1A69C0212C75}.AppStore|iPhone.ActiveCfg = AppStore|iPhone
		{B326EBD8-58C3-4DE3-81D1-1A69C0212C75}.AppStore|iPhone.Build.0 = AppStore|iPhone
		{B326EBD8-58C3-4DE3-81D1-1A69C0212C75}.AppStore|iPhone.Deploy.0 = AppStore|iPhone
		{B326EBD8-58C3-4DE3-81D1-1A69C0212C75}.AppStore|iPhoneSimulator.ActiveCfg = AppStore|iPhoneSimulator
		{B326EBD8-58C3-4DE3-81D1-1A69C0212C75}.AppStore|iPhoneSimulator.Build.0 = AppStore|iPhoneSimulator
		{B326EBD8-58C3-4DE3-81D1-1A69C0212C75}.AppStore|iPhoneSimulator.Deploy.0 = AppStore|iPhoneSimulator
		{B326EBD8-58C3-4DE3-81D1-1A69C0212C75}.Debug|Any CPU.ActiveCfg = Debug|iPhoneSimulator
		{B326EBD8-58C3-4DE3-81D1-1A69C0212C75}.Debug|Any CPU.Build.0 = Debug|iPhoneSimulator
		{B326EBD8-58C3-4DE3-81D1-1A69C0212C75}.Debug|Any CPU.Deploy.0 = Debug|iPhoneSimulator
		{B326EBD8-58C3-4DE3-81D1-1A69C0212C75}.Debug|iPhone.ActiveCfg = Debug|iPhone
		{B326EBD8-58C3-4DE3-81D1-1A69C0212C75}.Debug|iPhone.Build.0 = Debug|iPhone
		{B326EBD8-58C3-4DE3-81D1-1A69C0212C75}.Debug|iPhone.Deploy.0 = Debug|iPhone
		{B326EBD8-58C3-4DE3-81D1-1A69C0212C75}.Debug|iPhoneSimulator.ActiveCfg = Debug|iPhoneSimulator
		{B326EBD8-58C3-4DE3-81D1-1A69C0212C75}.Debug|iPhoneSimulator.Build.0 = Debug|iPhoneSimulator
		{B326EBD8-58C3-4DE3-81D1-1A69C0212C75}.Debug|iPhoneSimulator.Deploy.0 = Debug|iPhoneSimulator
		{B326EBD8-58C3-4DE3-81D1-1A69C0212C75}.Release|Any CPU.ActiveCfg = Release|iPhone
		{B326EBD8-58C3-4DE3-81D1-1A69C0212C75}.Release|Any CPU.Build.0 = Release|iPhone
		{B326EBD8-58C3-4DE3-81D1-1A69C0212C75}.Release|Any CPU.Deploy.0 = Release|iPhone
		{B326EBD8-58C3-4DE3-81D1-1A69C0212C75}.Release|iPhone.ActiveCfg = Release|iPhone
		{B326EBD8-58C3-4DE3-81D1-1A69C0212C75}.Release|iPhone.Build.0 = Release|iPhone
		{B326EBD8-58C3-4DE3-81D1-1A69C0212C75}.Release|iPhone.Deploy.0 = Release|iPhone
		{B326EBD8-58C3-4DE3-81D1-1A69C0212C75}.Release|iPhoneSimulator.ActiveCfg = Release|iPhoneSimulator
		{B326EBD8-58C3-4DE3-81D1-1A69C0212C75}.Release|iPhoneSimulator.Build.0 = Release|iPhoneSimulator
		{B326EBD8-58C3-4DE3-81D1-1A69C0212C75}.Release|iPhoneSimulator.Deploy.0 = Release|iPhoneSimulator
		{39B8F742-32F0-4B30-A0B0-5F66B6BD5D00}.Ad-Hoc|Any CPU.ActiveCfg = Debug|Any CPU
		{39B8F742-32F0-4B30-A0B0-5F66B6BD5D00}.Ad-Hoc|Any CPU.Build.0 = Debug|Any CPU
		{39B8F742-32F0-4B30-A0B0-5F66B6BD5D00}.Ad-Hoc|Any CPU.Deploy.0 = Debug|Any CPU
		{39B8F742-32F0-4B30-A0B0-5F66B6BD5D00}.Ad-Hoc|iPhone.ActiveCfg = Debug|Any CPU
		{39B8F742-32F0-4B30-A0B0-5F66B6BD5D00}.Ad-Hoc|iPhone.Build.0 = Debug|Any CPU
		{39B8F742-32F0-4B30-A0B0-5F66B6BD5D00}.Ad-Hoc|iPhone.Deploy.0 = Debug|Any CPU
		{39B8F742-32F0-4B30-A0B0-5F66B6BD5D00}.Ad-Hoc|iPhoneSimulator.ActiveCfg = Debug|Any CPU
		{39B8F742-32F0-4B30-A0B0-5F66B6BD5D00}.Ad-Hoc|iPhoneSimulator.Build.0 = Debug|Any CPU
		{39B8F742-32F0-4B30-A0B0-5F66B6BD5D00}.Ad-Hoc|iPhoneSimulator.Deploy.0 = Debug|Any CPU
		{39B8F742-32F0-4B30-A0B0-5F66B6BD5D00}.AppStore|Any CPU.ActiveCfg = Debug|Any CPU
		{39B8F742-32F0-4B30-A0B0-5F66B6BD5D00}.AppStore|Any CPU.Build.0 = Debug|Any CPU
		{39B8F742-32F0-4B30-A0B0-5F66B6BD5D00}.AppStore|Any CPU.Deploy.0 = Debug|Any CPU
		{39B8F742-32F0-4B30-A0B0-5F66B6BD5D00}.AppStore|iPhone.ActiveCfg = Debug|Any CPU
		{39B8F742-32F0-4B30-A0B0-5F66B6BD5D00}.AppStore|iPhone.Build.0 = Debug|Any CPU
		{39B8F742-32F0-4B30-A0B0-5F66B6BD5D00}.AppStore|iPhone.Deploy.0 = Debug|Any CPU
		{39B8F742-32F0-4B30-A0B0-5F66B6BD5D00}.AppStore|iPhoneSimulator.ActiveCfg = Debug|Any CPU
		{39B8F742-32F0-4B30-A0B0-5F66B6BD5D00}.AppStore|iPhoneSimulator.Build.0 = Debug|Any CPU
		{39B8F742-32F0-4B30-A0B0-5F66B6BD5D00}.AppStore|iPhoneSimulator.Deploy.0 = Debug|Any CPU
		{39B8F742-32F0-4B30-A0B0-5F66B6BD5D00}.Debug|Any CPU.ActiveCfg = Debug|Any CPU
		{39B8F742-32F0-4B30-A0B0-5F66B6BD5D00}.Debug|Any CPU.Build.0 = Debug|Any CPU
		{39B8F742-32F0-4B30-A0B0-5F66B6BD5D00}.Debug|Any CPU.Deploy.0 = Debug|Any CPU
		{39B8F742-32F0-4B30-A0B0-5F66B6BD5D00}.Debug|iPhone.ActiveCfg = Debug|Any CPU
		{39B8F742-32F0-4B30-A0B0-5F66B6BD5D00}.Debug|iPhone.Build.0 = Debug|Any CPU
		{39B8F742-32F0-4B30-A0B0-5F66B6BD5D00}.Debug|iPhone.Deploy.0 = Debug|Any CPU
		{39B8F742-32F0-4B30-A0B0-5F66B6BD5D00}.Debug|iPhoneSimulator.ActiveCfg = Debug|Any CPU
		{39B8F742-32F0-4B30-A0B0-5F66B6BD5D00}.Debug|iPhoneSimulator.Build.0 = Debug|Any CPU
		{39B8F742-32F0-4B30-A0B0-5F66B6BD5D00}.Debug|iPhoneSimulator.Deploy.0 = Debug|Any CPU
		{39B8F742-32F0-4B30-A0B0-5F66B6BD5D00}.Release|Any CPU.ActiveCfg = Release|Any CPU
		{39B8F742-32F0-4B30-A0B0-5F66B6BD5D00}.Release|Any CPU.Build.0 = Release|Any CPU
		{39B8F742-32F0-4B30-A0B0-5F66B6BD5D00}.Release|Any CPU.Deploy.0 = Release|Any CPU
		{39B8F742-32F0-4B30-A0B0-5F66B6BD5D00}.Release|iPhone.ActiveCfg = Release|Any CPU
		{39B8F742-32F0-4B30-A0B0-5F66B6BD5D00}.Release|iPhone.Build.0 = Release|Any CPU
		{39B8F742-32F0-4B30-A0B0-5F66B6BD5D00}.Release|iPhone.Deploy.0 = Release|Any CPU
		{39B8F742-32F0-4B30-A0B0-5F66B6BD5D00}.Release|iPhoneSimulator.ActiveCfg = Release|Any CPU
		{39B8F742-32F0-4B30-A0B0-5F66B6BD5D00}.Release|iPhoneSimulator.Build.0 = Release|Any CPU
		{39B8F742-32F0-4B30-A0B0-5F66B6BD5D00}.Release|iPhoneSimulator.Deploy.0 = Release|Any CPU
	EndGlobalSection
	GlobalSection(SolutionProperties) = preSolution
		HideSolutionNode = FALSE
	EndGlobalSection
	GlobalSection(ExtensibilityGlobals) = postSolution
		SolutionGuid = {9E32E89D-382E-43CE-A726-A8F067FC165F}
	EndGlobalSection
EndGlobal
